
Microsoft Visual Studio Solution File, Format Version 12.00
# Visual Studio Version 17
VisualStudioVersion = 17.0.31710.8
MinimumVisualStudioVersion = 10.0.40219.1
Project("{FAE04EC0-301F-11D3-BF4B-00C04F79EFBC}") = "BookStore.API", "BookStore.API.csproj", "{985BB0A2-31B5-4CD9-B791-F384AFA1720E}"
EndProject
Global
	GlobalSection(SolutionConfigurationPlatforms) = preSolution
		Debug|Any CPU = Debug|Any CPU
		Release|Any CPU = Release|Any CPU
	EndGlobalSection
	GlobalSection(ProjectConfigurationPlatforms) = postSolution
		{985BB0A2-31B5-4CD9-B791-F384AFA1720E}.Debug|Any CPU.ActiveCfg = Debug|Any CPU
		{985BB0A2-31B5-4CD9-B791-F384AFA1720E}.Debug|Any CPU.Build.0 = Debug|Any CPU
		{985BB0A2-31B5-4CD9-B791-F384AFA1720E}.Release|Any CPU.ActiveCfg = Release|Any CPU
		{985BB0A2-31B5-4CD9-B791-F384AFA1720E}.Release|Any CPU.Build.0 = Release|Any CPU
	EndGlobalSection
	GlobalSection(SolutionProperties) = preSolution
		HideSolutionNode = FALSE
	EndGlobalSection
	GlobalSection(ExtensibilityGlobals) = postSolution
		SolutionGuid = {EE8F0A43-628C-4BE4-AF52-9A7D1F99C3F0}
	EndGlobalSection
EndGlobal
